{
  "name": "Projeto PEI3",
  "lockfileVersion": 3,
  "requires": true,
  "packages": {
    "": {
      "dependencies": {
        "indexdb": "^0.0.0"
      }
    },
    "node_modules/indexdb": {
      "version": "0.0.0",
      "resolved": "https://registry.npmjs.org/indexdb/-/indexdb-0.0.0.tgz",
      "integrity": "sha512-OynrPthUF8S7SQacDDGkO2hR6LLalmXtIlL2Juk1eoc5hK4Le7vIQ3+EnjGmRwtADHCdDSK8qZJ3DWIEXaxxnQ==",
      "license": "MIT"
    }
  }
}
